# This file was autogenerated by Stack.
# You should not edit this file by hand.
# For more information, please see the documentation at:
#   https://docs.haskellstack.org/en/stable/topics/lock_files

packages:
- completed:
    hackage: hashtables-1.4.2@sha256:4940cab94a15d469845ccf5225f9cb3d354c15e8127ebb58425c8b681f7721d9,10386
    pantry-tree:
      sha256: 65107f0c970351b971ea1f676a5e00b61e37c298a4c83c867d937f2a774501eb
      size: 2895
  original:
    hackage: hashtables-1.4.2
- completed:
    commit: 22afcc8113f18f1c86fab8ad61e7bf7abea3afd6
    git: https://github.com/Innf107/llvm-ng
    name: llvm-ng
    pantry-tree:
      sha256: 579c99854efcba863b1ca918d26c8a82d88e1d648838f5928b3ba4759593b227
      size: 1141
    version: 0.1.0.0
  original:
    commit: 22afcc8113f18f1c86fab8ad61e7bf7abea3afd6
    git: https://github.com/Innf107/llvm-ng
- completed:
    hackage: llvm-ffi-21.0.0.2@sha256:d898d53846373b86a6e34fc2c72cb79cbbe4398bd38e127c69367a933eba6e57,8424
    pantry-tree:
      sha256: ca22842330df9fec2259549942e3047b68bf6c2e5edd547793d418fb0f00c710
      size: 3063
  original:
    hackage: llvm-ffi-21.0.0.2@sha256:d898d53846373b86a6e34fc2c72cb79cbbe4398bd38e127c69367a933eba6e57,8424
snapshots:
- completed:
    sha256: a578d98b69e5742eaf2c42d870e9c5011e5f8b5ad216f04ca8f52caadc8bf89c
    size: 715419
    url: https://raw.githubusercontent.com/commercialhaskell/stackage-snapshots/master/nightly/2025/12/30.yaml
  original: nightly-2025-12-30
