# This file was autogenerated by Stack.
# You should not edit this file by hand.
# For more information, please see the documentation at:
#   https://docs.haskellstack.org/en/stable/topics/lock_files

packages:
- completed:
    hackage: hashtables-1.4.2@sha256:4940cab94a15d469845ccf5225f9cb3d354c15e8127ebb58425c8b681f7721d9,10386
    pantry-tree:
      sha256: 65107f0c970351b971ea1f676a5e00b61e37c298a4c83c867d937f2a774501eb
      size: 2895
  original:
    hackage: hashtables-1.4.2
snapshots:
- completed:
    sha256: 473840099b95facf73ec72dcafe53a2487bfadeceb03a981a19e16469503a342
    size: 726266
    url: https://raw.githubusercontent.com/commercialhaskell/stackage-snapshots/master/lts/24/6.yaml
  original:
    url: https://raw.githubusercontent.com/commercialhaskell/stackage-snapshots/master/lts/24/6.yaml
