# This file was autogenerated by Stack.
# You should not edit this file by hand.
# For more information, please see the documentation at:
#   https://docs.haskellstack.org/en/stable/topics/lock_files

packages:
- completed:
    hackage: hashtables-1.4.2@sha256:4940cab94a15d469845ccf5225f9cb3d354c15e8127ebb58425c8b681f7721d9,10386
    pantry-tree:
      sha256: 65107f0c970351b971ea1f676a5e00b61e37c298a4c83c867d937f2a774501eb
      size: 2895
  original:
    hackage: hashtables-1.4.2
- completed:
    commit: 3453842b299e0f1b20de57ca178c6ed26749843d
    git: https://github.com/Innf107/llvm-ng
    name: llvm-ng
    pantry-tree:
      sha256: d34dc293eb61580165510984fe60a2f3bc2c2c61a4c9bd8a46a415c6a0a07701
      size: 1013
    version: 0.1.0.0
  original:
    commit: 3453842b299e0f1b20de57ca178c6ed26749843d
    git: https://github.com/Innf107/llvm-ng
- completed:
    hackage: llvm-ffi-21.0.0.2@sha256:d898d53846373b86a6e34fc2c72cb79cbbe4398bd38e127c69367a933eba6e57,8424
    pantry-tree:
      sha256: ca22842330df9fec2259549942e3047b68bf6c2e5edd547793d418fb0f00c710
      size: 3063
  original:
    hackage: llvm-ffi-21.0.0.2@sha256:d898d53846373b86a6e34fc2c72cb79cbbe4398bd38e127c69367a933eba6e57,8424
snapshots:
- completed:
    sha256: 473840099b95facf73ec72dcafe53a2487bfadeceb03a981a19e16469503a342
    size: 726266
    url: https://raw.githubusercontent.com/commercialhaskell/stackage-snapshots/master/lts/24/6.yaml
  original:
    url: https://raw.githubusercontent.com/commercialhaskell/stackage-snapshots/master/lts/24/6.yaml
